
Microsoft Visual Studio Solution File, Format Version 12.00
# Visual Studio Version 16
VisualStudioVersion = 16.0.29709.97
MinimumVisualStudioVersion = 10.0.40219.1
Project("{FAE04EC0-301F-11D3-BF4B-00C04F79EFBC}") = "AspNetCoreWebApiLab.Api", "AspNetCoreWebApiLab.Api\AspNetCoreWebApiLab.Api.csproj", "{2572BA04-2CF9-477D-BB0C-1BEE1354B0BE}"
EndProject
Global
	GlobalSection(SolutionConfigurationPlatforms) = preSolution
		Debug|Any CPU = Debug|Any CPU
		Release|Any CPU = Release|Any CPU
	EndGlobalSection
	GlobalSection(ProjectConfigurationPlatforms) = postSolution
		{2572BA04-2CF9-477D-BB0C-1BEE1354B0BE}.Debug|Any CPU.ActiveCfg = Debug|Any CPU
		{2572BA04-2CF9-477D-BB0C-1BEE1354B0BE}.Debug|Any CPU.Build.0 = Debug|Any CPU
		{2572BA04-2CF9-477D-BB0C-1BEE1354B0BE}.Release|Any CPU.ActiveCfg = Release|Any CPU
		{2572BA04-2CF9-477D-BB0C-1BEE1354B0BE}.Release|Any CPU.Build.0 = Release|Any CPU
	EndGlobalSection
	GlobalSection(SolutionProperties) = preSolution
		HideSolutionNode = FALSE
	EndGlobalSection
	GlobalSection(ExtensibilityGlobals) = postSolution
		SolutionGuid = {21DE00F7-E059-4106-9CF1-84F1CDC41263}
	EndGlobalSection
EndGlobal
